{
  "object": {
    "pins": [
      {
        "package": "AlanYanHelpers",
        "repositoryURL": "https://github.com/yan-alan/UIKit-Toolbox.git",
        "state": {
          "branch": null,
          "revision": "371084c41764c3263ee21269810b1cc6422956ba",
          "version": "0.0.6"
        }
      }
    ]
  },
  "version": 1
}
